
Microsoft Visual Studio Solution File, Format Version 12.00
# Visual Studio Version 17
VisualStudioVersion = 17.0.31903.59
MinimumVisualStudioVersion = 10.0.40219.1
Project("{FAE04EC0-301F-11D3-BF4B-00C04F79EFBC}") = "ThreadPool", "ThreadPool\ThreadPool.csproj", "{A938D74F-622B-4A17-B0FC-20C4A340A407}"
EndProject
Project("{FAE04EC0-301F-11D3-BF4B-00C04F79EFBC}") = "UnitTest", "UnitTest\UnitTest.csproj", "{06C2164E-93EC-40A4-BA7E-CAB019F04CC2}"
EndProject
Global
	GlobalSection(SolutionConfigurationPlatforms) = preSolution
		Debug|Any CPU = Debug|Any CPU
		Release|Any CPU = Release|Any CPU
	EndGlobalSection
	GlobalSection(SolutionProperties) = preSolution
		HideSolutionNode = FALSE
	EndGlobalSection
	GlobalSection(ProjectConfigurationPlatforms) = postSolution
		{A938D74F-622B-4A17-B0FC-20C4A340A407}.Debug|Any CPU.ActiveCfg = Debug|Any CPU
		{A938D74F-622B-4A17-B0FC-20C4A340A407}.Debug|Any CPU.Build.0 = Debug|Any CPU
		{A938D74F-622B-4A17-B0FC-20C4A340A407}.Release|Any CPU.ActiveCfg = Release|Any CPU
		{A938D74F-622B-4A17-B0FC-20C4A340A407}.Release|Any CPU.Build.0 = Release|Any CPU
		{06C2164E-93EC-40A4-BA7E-CAB019F04CC2}.Debug|Any CPU.ActiveCfg = Debug|Any CPU
		{06C2164E-93EC-40A4-BA7E-CAB019F04CC2}.Debug|Any CPU.Build.0 = Debug|Any CPU
		{06C2164E-93EC-40A4-BA7E-CAB019F04CC2}.Release|Any CPU.ActiveCfg = Release|Any CPU
		{06C2164E-93EC-40A4-BA7E-CAB019F04CC2}.Release|Any CPU.Build.0 = Release|Any CPU
	EndGlobalSection
EndGlobal
